
Microsoft Visual Studio Solution File, Format Version 12.00
# Visual Studio Version 17
VisualStudioVersion = 17.1.32328.378
MinimumVisualStudioVersion = 10.0.40219.1
Project("{FAE04EC0-301F-11D3-BF4B-00C04F79EFBC}") = "AdventOfCode2022", "AdventOfCode2022\AdventOfCode2022.csproj", "{980CFBFB-1A11-4401-A77A-CBE1BEC96606}"
EndProject
Global
	GlobalSection(SolutionConfigurationPlatforms) = preSolution
		Debug|Any CPU = Debug|Any CPU
		Release|Any CPU = Release|Any CPU
	EndGlobalSection
	GlobalSection(ProjectConfigurationPlatforms) = postSolution
		{980CFBFB-1A11-4401-A77A-CBE1BEC96606}.Debug|Any CPU.ActiveCfg = Debug|Any CPU
		{980CFBFB-1A11-4401-A77A-CBE1BEC96606}.Debug|Any CPU.Build.0 = Debug|Any CPU
		{980CFBFB-1A11-4401-A77A-CBE1BEC96606}.Release|Any CPU.ActiveCfg = Release|Any CPU
		{980CFBFB-1A11-4401-A77A-CBE1BEC96606}.Release|Any CPU.Build.0 = Release|Any CPU
	EndGlobalSection
	GlobalSection(SolutionProperties) = preSolution
		HideSolutionNode = FALSE
	EndGlobalSection
	GlobalSection(ExtensibilityGlobals) = postSolution
		SolutionGuid = {83D28FC3-95D9-4142-8E44-43CCBBD22D43}
	EndGlobalSection
EndGlobal
